Microsoft Visual Studio Solution File, Format Version 12.00
# Visual Studio Version 17.0
#
# xmake version 2.8.1+dev.732d60063
#
#   This file is auto generated by xmake.
#
#   Please DO NOT EDIT since all your modification will lost after re-generation.
#   See https://github.com/xmake-io/xmake/pull/472 for more infomation.
#
VisualStudioVersion = 17.0
MinimumVisualStudioVersion = 10.0.40219.1
Project("{8BC9CEB8-8B4A-11D0-8D11-00A0C91BC942}") = "shellcode_runner_cpp", "shellcode_runner_cpp\shellcode_runner_cpp.vcxproj", "{9D387E60-83AB-41E3-840B-3D6DB533561B}"
EndProject
Project("{8BC9CEB8-8B4A-11D0-8D11-00A0C91BC942}") = "shellcode_runner_c", "shellcode_runner_c\shellcode_runner_c.vcxproj", "{7E2F3066-416A-4477-9A73-04536A22B601}"
EndProject
Project("{8BC9CEB8-8B4A-11D0-8D11-00A0C91BC942}") = "shellcode_gen_msvc_cpp", "shellcode_gen_msvc_cpp\shellcode_gen_msvc_cpp.vcxproj", "{406FA918-D98A-41CA-B2E6-DDDF40A813FE}"
EndProject
Project("{8BC9CEB8-8B4A-11D0-8D11-00A0C91BC942}") = "shellcode_gen_msvc_c", "shellcode_gen_msvc_c\shellcode_gen_msvc_c.vcxproj", "{F0A2FE4D-54DA-4E6A-BD1B-D9236CA6B3B3}"
EndProject
Project("{8BC9CEB8-8B4A-11D0-8D11-00A0C91BC942}") = "shellcode_gen_mingw_cpp", "shellcode_gen_mingw_cpp\shellcode_gen_mingw_cpp.vcxproj", "{4802997F-F18C-4680-92D4-641209CD1616}"
EndProject
Project("{8BC9CEB8-8B4A-11D0-8D11-00A0C91BC942}") = "shellcode_gen_mingw_c", "shellcode_gen_mingw_c\shellcode_gen_mingw_c.vcxproj", "{BFBB3A4A-5218-497A-A84E-9C9FC06790D3}"
EndProject
Project("{8BC9CEB8-8B4A-11D0-8D11-00A0C91BC942}") = "array_strings_cpp", "array_strings_cpp\array_strings_cpp.vcxproj", "{D856C8AF-FE1F-490B-8D49-EB081FB2E101}"
EndProject
Project("{8BC9CEB8-8B4A-11D0-8D11-00A0C91BC942}") = "array_strings_c", "array_strings_c\array_strings_c.vcxproj", "{063D7020-BDB6-4693-8545-21D04EB0B006}"
EndProject
Project("{8BC9CEB8-8B4A-11D0-8D11-00A0C91BC942}") = "commons_lib_c", "commons_lib_c\commons_lib_c.vcxproj", "{23414BE9-EFCA-45EA-9A60-B1F5BE3E163C}"
EndProject
Project("{8BC9CEB8-8B4A-11D0-8D11-00A0C91BC942}") = "commons_lib_cpp", "commons_lib_cpp\commons_lib_cpp.vcxproj", "{930ED140-5E44-45B8-A07F-1392B7AAFFCB}"
EndProject


Project("{2150E333-8FDC-42A3-9474-1A3956D46DE8}") = "Properties", "Properties", "{007754BD-BB1F-452F-A0D8-13EF216C5ED9}"
	ProjectSection(SolutionItems) = preProject
		Xmake.Custom.props = Xmake.Custom.props
		Xmake.Custom.targets = Xmake.Custom.targets
		..\xmake.lua = ..\xmake.lua
	EndProjectSection
EndProject
Global
	GlobalSection(SolutionConfigurationPlatforms) = preSolution
		asan|x64 = asan|x64
		check|x64 = check|x64
		debug|x64 = debug|x64
		lsan|x64 = lsan|x64
		release|x64 = release|x64
		tsan|x64 = tsan|x64
		ubsan|x64 = ubsan|x64
		valgrind|x64 = valgrind|x64
	EndGlobalSection
	GlobalSection(ProjectConfigurationPlatforms) = postSolution
		{9D387E60-83AB-41E3-840B-3D6DB533561B}.asan|x64.ActiveCfg = asan|x64
		{9D387E60-83AB-41E3-840B-3D6DB533561B}.asan|x64.Build.0 = asan|x64
		{7E2F3066-416A-4477-9A73-04536A22B601}.asan|x64.ActiveCfg = asan|x64
		{7E2F3066-416A-4477-9A73-04536A22B601}.asan|x64.Build.0 = asan|x64
		{406FA918-D98A-41CA-B2E6-DDDF40A813FE}.asan|x64.ActiveCfg = asan|x64
		{406FA918-D98A-41CA-B2E6-DDDF40A813FE}.asan|x64.Build.0 = asan|x64
		{F0A2FE4D-54DA-4E6A-BD1B-D9236CA6B3B3}.asan|x64.ActiveCfg = asan|x64
		{F0A2FE4D-54DA-4E6A-BD1B-D9236CA6B3B3}.asan|x64.Build.0 = asan|x64
		{4802997F-F18C-4680-92D4-641209CD1616}.asan|x64.ActiveCfg = asan|x64
		{4802997F-F18C-4680-92D4-641209CD1616}.asan|x64.Build.0 = asan|x64
		{BFBB3A4A-5218-497A-A84E-9C9FC06790D3}.asan|x64.ActiveCfg = asan|x64
		{BFBB3A4A-5218-497A-A84E-9C9FC06790D3}.asan|x64.Build.0 = asan|x64
		{D856C8AF-FE1F-490B-8D49-EB081FB2E101}.asan|x64.ActiveCfg = asan|x64
		{D856C8AF-FE1F-490B-8D49-EB081FB2E101}.asan|x64.Build.0 = asan|x64
		{063D7020-BDB6-4693-8545-21D04EB0B006}.asan|x64.ActiveCfg = asan|x64
		{063D7020-BDB6-4693-8545-21D04EB0B006}.asan|x64.Build.0 = asan|x64
		{23414BE9-EFCA-45EA-9A60-B1F5BE3E163C}.asan|x64.ActiveCfg = asan|x64
		{23414BE9-EFCA-45EA-9A60-B1F5BE3E163C}.asan|x64.Build.0 = asan|x64
		{930ED140-5E44-45B8-A07F-1392B7AAFFCB}.asan|x64.ActiveCfg = asan|x64
		{930ED140-5E44-45B8-A07F-1392B7AAFFCB}.asan|x64.Build.0 = asan|x64
		{9D387E60-83AB-41E3-840B-3D6DB533561B}.check|x64.ActiveCfg = check|x64
		{9D387E60-83AB-41E3-840B-3D6DB533561B}.check|x64.Build.0 = check|x64
		{7E2F3066-416A-4477-9A73-04536A22B601}.check|x64.ActiveCfg = check|x64
		{7E2F3066-416A-4477-9A73-04536A22B601}.check|x64.Build.0 = check|x64
		{406FA918-D98A-41CA-B2E6-DDDF40A813FE}.check|x64.ActiveCfg = check|x64
		{406FA918-D98A-41CA-B2E6-DDDF40A813FE}.check|x64.Build.0 = check|x64
		{F0A2FE4D-54DA-4E6A-BD1B-D9236CA6B3B3}.check|x64.ActiveCfg = check|x64
		{F0A2FE4D-54DA-4E6A-BD1B-D9236CA6B3B3}.check|x64.Build.0 = check|x64
		{4802997F-F18C-4680-92D4-641209CD1616}.check|x64.ActiveCfg = check|x64
		{4802997F-F18C-4680-92D4-641209CD1616}.check|x64.Build.0 = check|x64
		{BFBB3A4A-5218-497A-A84E-9C9FC06790D3}.check|x64.ActiveCfg = check|x64
		{BFBB3A4A-5218-497A-A84E-9C9FC06790D3}.check|x64.Build.0 = check|x64
		{D856C8AF-FE1F-490B-8D49-EB081FB2E101}.check|x64.ActiveCfg = check|x64
		{D856C8AF-FE1F-490B-8D49-EB081FB2E101}.check|x64.Build.0 = check|x64
		{063D7020-BDB6-4693-8545-21D04EB0B006}.check|x64.ActiveCfg = check|x64
		{063D7020-BDB6-4693-8545-21D04EB0B006}.check|x64.Build.0 = check|x64
		{23414BE9-EFCA-45EA-9A60-B1F5BE3E163C}.check|x64.ActiveCfg = check|x64
		{23414BE9-EFCA-45EA-9A60-B1F5BE3E163C}.check|x64.Build.0 = check|x64
		{930ED140-5E44-45B8-A07F-1392B7AAFFCB}.check|x64.ActiveCfg = check|x64
		{930ED140-5E44-45B8-A07F-1392B7AAFFCB}.check|x64.Build.0 = check|x64
		{9D387E60-83AB-41E3-840B-3D6DB533561B}.debug|x64.ActiveCfg = debug|x64
		{9D387E60-83AB-41E3-840B-3D6DB533561B}.debug|x64.Build.0 = debug|x64
		{7E2F3066-416A-4477-9A73-04536A22B601}.debug|x64.ActiveCfg = debug|x64
		{7E2F3066-416A-4477-9A73-04536A22B601}.debug|x64.Build.0 = debug|x64
		{406FA918-D98A-41CA-B2E6-DDDF40A813FE}.debug|x64.ActiveCfg = debug|x64
		{406FA918-D98A-41CA-B2E6-DDDF40A813FE}.debug|x64.Build.0 = debug|x64
		{F0A2FE4D-54DA-4E6A-BD1B-D9236CA6B3B3}.debug|x64.ActiveCfg = debug|x64
		{F0A2FE4D-54DA-4E6A-BD1B-D9236CA6B3B3}.debug|x64.Build.0 = debug|x64
		{4802997F-F18C-4680-92D4-641209CD1616}.debug|x64.ActiveCfg = debug|x64
		{4802997F-F18C-4680-92D4-641209CD1616}.debug|x64.Build.0 = debug|x64
		{BFBB3A4A-5218-497A-A84E-9C9FC06790D3}.debug|x64.ActiveCfg = debug|x64
		{BFBB3A4A-5218-497A-A84E-9C9FC06790D3}.debug|x64.Build.0 = debug|x64
		{D856C8AF-FE1F-490B-8D49-EB081FB2E101}.debug|x64.ActiveCfg = debug|x64
		{D856C8AF-FE1F-490B-8D49-EB081FB2E101}.debug|x64.Build.0 = debug|x64
		{063D7020-BDB6-4693-8545-21D04EB0B006}.debug|x64.ActiveCfg = debug|x64
		{063D7020-BDB6-4693-8545-21D04EB0B006}.debug|x64.Build.0 = debug|x64
		{23414BE9-EFCA-45EA-9A60-B1F5BE3E163C}.debug|x64.ActiveCfg = debug|x64
		{23414BE9-EFCA-45EA-9A60-B1F5BE3E163C}.debug|x64.Build.0 = debug|x64
		{930ED140-5E44-45B8-A07F-1392B7AAFFCB}.debug|x64.ActiveCfg = debug|x64
		{930ED140-5E44-45B8-A07F-1392B7AAFFCB}.debug|x64.Build.0 = debug|x64
		{9D387E60-83AB-41E3-840B-3D6DB533561B}.lsan|x64.ActiveCfg = lsan|x64
		{9D387E60-83AB-41E3-840B-3D6DB533561B}.lsan|x64.Build.0 = lsan|x64
		{7E2F3066-416A-4477-9A73-04536A22B601}.lsan|x64.ActiveCfg = lsan|x64
		{7E2F3066-416A-4477-9A73-04536A22B601}.lsan|x64.Build.0 = lsan|x64
		{406FA918-D98A-41CA-B2E6-DDDF40A813FE}.lsan|x64.ActiveCfg = lsan|x64
		{406FA918-D98A-41CA-B2E6-DDDF40A813FE}.lsan|x64.Build.0 = lsan|x64
		{F0A2FE4D-54DA-4E6A-BD1B-D9236CA6B3B3}.lsan|x64.ActiveCfg = lsan|x64
		{F0A2FE4D-54DA-4E6A-BD1B-D9236CA6B3B3}.lsan|x64.Build.0 = lsan|x64
		{4802997F-F18C-4680-92D4-641209CD1616}.lsan|x64.ActiveCfg = lsan|x64
		{4802997F-F18C-4680-92D4-641209CD1616}.lsan|x64.Build.0 = lsan|x64
		{BFBB3A4A-5218-497A-A84E-9C9FC06790D3}.lsan|x64.ActiveCfg = lsan|x64
		{BFBB3A4A-5218-497A-A84E-9C9FC06790D3}.lsan|x64.Build.0 = lsan|x64
		{D856C8AF-FE1F-490B-8D49-EB081FB2E101}.lsan|x64.ActiveCfg = lsan|x64
		{D856C8AF-FE1F-490B-8D49-EB081FB2E101}.lsan|x64.Build.0 = lsan|x64
		{063D7020-BDB6-4693-8545-21D04EB0B006}.lsan|x64.ActiveCfg = lsan|x64
		{063D7020-BDB6-4693-8545-21D04EB0B006}.lsan|x64.Build.0 = lsan|x64
		{23414BE9-EFCA-45EA-9A60-B1F5BE3E163C}.lsan|x64.ActiveCfg = lsan|x64
		{23414BE9-EFCA-45EA-9A60-B1F5BE3E163C}.lsan|x64.Build.0 = lsan|x64
		{930ED140-5E44-45B8-A07F-1392B7AAFFCB}.lsan|x64.ActiveCfg = lsan|x64
		{930ED140-5E44-45B8-A07F-1392B7AAFFCB}.lsan|x64.Build.0 = lsan|x64
		{9D387E60-83AB-41E3-840B-3D6DB533561B}.release|x64.ActiveCfg = release|x64
		{9D387E60-83AB-41E3-840B-3D6DB533561B}.release|x64.Build.0 = release|x64
		{7E2F3066-416A-4477-9A73-04536A22B601}.release|x64.ActiveCfg = release|x64
		{7E2F3066-416A-4477-9A73-04536A22B601}.release|x64.Build.0 = release|x64
		{406FA918-D98A-41CA-B2E6-DDDF40A813FE}.release|x64.ActiveCfg = release|x64
		{406FA918-D98A-41CA-B2E6-DDDF40A813FE}.release|x64.Build.0 = release|x64
		{F0A2FE4D-54DA-4E6A-BD1B-D9236CA6B3B3}.release|x64.ActiveCfg = release|x64
		{F0A2FE4D-54DA-4E6A-BD1B-D9236CA6B3B3}.release|x64.Build.0 = release|x64
		{4802997F-F18C-4680-92D4-641209CD1616}.release|x64.ActiveCfg = release|x64
		{4802997F-F18C-4680-92D4-641209CD1616}.release|x64.Build.0 = release|x64
		{BFBB3A4A-5218-497A-A84E-9C9FC06790D3}.release|x64.ActiveCfg = release|x64
		{BFBB3A4A-5218-497A-A84E-9C9FC06790D3}.release|x64.Build.0 = release|x64
		{D856C8AF-FE1F-490B-8D49-EB081FB2E101}.release|x64.ActiveCfg = release|x64
		{D856C8AF-FE1F-490B-8D49-EB081FB2E101}.release|x64.Build.0 = release|x64
		{063D7020-BDB6-4693-8545-21D04EB0B006}.release|x64.ActiveCfg = release|x64
		{063D7020-BDB6-4693-8545-21D04EB0B006}.release|x64.Build.0 = release|x64
		{23414BE9-EFCA-45EA-9A60-B1F5BE3E163C}.release|x64.ActiveCfg = release|x64
		{23414BE9-EFCA-45EA-9A60-B1F5BE3E163C}.release|x64.Build.0 = release|x64
		{930ED140-5E44-45B8-A07F-1392B7AAFFCB}.release|x64.ActiveCfg = release|x64
		{930ED140-5E44-45B8-A07F-1392B7AAFFCB}.release|x64.Build.0 = release|x64
		{9D387E60-83AB-41E3-840B-3D6DB533561B}.tsan|x64.ActiveCfg = tsan|x64
		{9D387E60-83AB-41E3-840B-3D6DB533561B}.tsan|x64.Build.0 = tsan|x64
		{7E2F3066-416A-4477-9A73-04536A22B601}.tsan|x64.ActiveCfg = tsan|x64
		{7E2F3066-416A-4477-9A73-04536A22B601}.tsan|x64.Build.0 = tsan|x64
		{406FA918-D98A-41CA-B2E6-DDDF40A813FE}.tsan|x64.ActiveCfg = tsan|x64
		{406FA918-D98A-41CA-B2E6-DDDF40A813FE}.tsan|x64.Build.0 = tsan|x64
		{F0A2FE4D-54DA-4E6A-BD1B-D9236CA6B3B3}.tsan|x64.ActiveCfg = tsan|x64
		{F0A2FE4D-54DA-4E6A-BD1B-D9236CA6B3B3}.tsan|x64.Build.0 = tsan|x64
		{4802997F-F18C-4680-92D4-641209CD1616}.tsan|x64.ActiveCfg = tsan|x64
		{4802997F-F18C-4680-92D4-641209CD1616}.tsan|x64.Build.0 = tsan|x64
		{BFBB3A4A-5218-497A-A84E-9C9FC06790D3}.tsan|x64.ActiveCfg = tsan|x64
		{BFBB3A4A-5218-497A-A84E-9C9FC06790D3}.tsan|x64.Build.0 = tsan|x64
		{D856C8AF-FE1F-490B-8D49-EB081FB2E101}.tsan|x64.ActiveCfg = tsan|x64
		{D856C8AF-FE1F-490B-8D49-EB081FB2E101}.tsan|x64.Build.0 = tsan|x64
		{063D7020-BDB6-4693-8545-21D04EB0B006}.tsan|x64.ActiveCfg = tsan|x64
		{063D7020-BDB6-4693-8545-21D04EB0B006}.tsan|x64.Build.0 = tsan|x64
		{23414BE9-EFCA-45EA-9A60-B1F5BE3E163C}.tsan|x64.ActiveCfg = tsan|x64
		{23414BE9-EFCA-45EA-9A60-B1F5BE3E163C}.tsan|x64.Build.0 = tsan|x64
		{930ED140-5E44-45B8-A07F-1392B7AAFFCB}.tsan|x64.ActiveCfg = tsan|x64
		{930ED140-5E44-45B8-A07F-1392B7AAFFCB}.tsan|x64.Build.0 = tsan|x64
		{9D387E60-83AB-41E3-840B-3D6DB533561B}.ubsan|x64.ActiveCfg = ubsan|x64
		{9D387E60-83AB-41E3-840B-3D6DB533561B}.ubsan|x64.Build.0 = ubsan|x64
		{7E2F3066-416A-4477-9A73-04536A22B601}.ubsan|x64.ActiveCfg = ubsan|x64
		{7E2F3066-416A-4477-9A73-04536A22B601}.ubsan|x64.Build.0 = ubsan|x64
		{406FA918-D98A-41CA-B2E6-DDDF40A813FE}.ubsan|x64.ActiveCfg = ubsan|x64
		{406FA918-D98A-41CA-B2E6-DDDF40A813FE}.ubsan|x64.Build.0 = ubsan|x64
		{F0A2FE4D-54DA-4E6A-BD1B-D9236CA6B3B3}.ubsan|x64.ActiveCfg = ubsan|x64
		{F0A2FE4D-54DA-4E6A-BD1B-D9236CA6B3B3}.ubsan|x64.Build.0 = ubsan|x64
		{4802997F-F18C-4680-92D4-641209CD1616}.ubsan|x64.ActiveCfg = ubsan|x64
		{4802997F-F18C-4680-92D4-641209CD1616}.ubsan|x64.Build.0 = ubsan|x64
		{BFBB3A4A-5218-497A-A84E-9C9FC06790D3}.ubsan|x64.ActiveCfg = ubsan|x64
		{BFBB3A4A-5218-497A-A84E-9C9FC06790D3}.ubsan|x64.Build.0 = ubsan|x64
		{D856C8AF-FE1F-490B-8D49-EB081FB2E101}.ubsan|x64.ActiveCfg = ubsan|x64
		{D856C8AF-FE1F-490B-8D49-EB081FB2E101}.ubsan|x64.Build.0 = ubsan|x64
		{063D7020-BDB6-4693-8545-21D04EB0B006}.ubsan|x64.ActiveCfg = ubsan|x64
		{063D7020-BDB6-4693-8545-21D04EB0B006}.ubsan|x64.Build.0 = ubsan|x64
		{23414BE9-EFCA-45EA-9A60-B1F5BE3E163C}.ubsan|x64.ActiveCfg = ubsan|x64
		{23414BE9-EFCA-45EA-9A60-B1F5BE3E163C}.ubsan|x64.Build.0 = ubsan|x64
		{930ED140-5E44-45B8-A07F-1392B7AAFFCB}.ubsan|x64.ActiveCfg = ubsan|x64
		{930ED140-5E44-45B8-A07F-1392B7AAFFCB}.ubsan|x64.Build.0 = ubsan|x64
		{9D387E60-83AB-41E3-840B-3D6DB533561B}.valgrind|x64.ActiveCfg = valgrind|x64
		{9D387E60-83AB-41E3-840B-3D6DB533561B}.valgrind|x64.Build.0 = valgrind|x64
		{7E2F3066-416A-4477-9A73-04536A22B601}.valgrind|x64.ActiveCfg = valgrind|x64
		{7E2F3066-416A-4477-9A73-04536A22B601}.valgrind|x64.Build.0 = valgrind|x64
		{406FA918-D98A-41CA-B2E6-DDDF40A813FE}.valgrind|x64.ActiveCfg = valgrind|x64
		{406FA918-D98A-41CA-B2E6-DDDF40A813FE}.valgrind|x64.Build.0 = valgrind|x64
		{F0A2FE4D-54DA-4E6A-BD1B-D9236CA6B3B3}.valgrind|x64.ActiveCfg = valgrind|x64
		{F0A2FE4D-54DA-4E6A-BD1B-D9236CA6B3B3}.valgrind|x64.Build.0 = valgrind|x64
		{4802997F-F18C-4680-92D4-641209CD1616}.valgrind|x64.ActiveCfg = valgrind|x64
		{4802997F-F18C-4680-92D4-641209CD1616}.valgrind|x64.Build.0 = valgrind|x64
		{BFBB3A4A-5218-497A-A84E-9C9FC06790D3}.valgrind|x64.ActiveCfg = valgrind|x64
		{BFBB3A4A-5218-497A-A84E-9C9FC06790D3}.valgrind|x64.Build.0 = valgrind|x64
		{D856C8AF-FE1F-490B-8D49-EB081FB2E101}.valgrind|x64.ActiveCfg = valgrind|x64
		{D856C8AF-FE1F-490B-8D49-EB081FB2E101}.valgrind|x64.Build.0 = valgrind|x64
		{063D7020-BDB6-4693-8545-21D04EB0B006}.valgrind|x64.ActiveCfg = valgrind|x64
		{063D7020-BDB6-4693-8545-21D04EB0B006}.valgrind|x64.Build.0 = valgrind|x64
		{23414BE9-EFCA-45EA-9A60-B1F5BE3E163C}.valgrind|x64.ActiveCfg = valgrind|x64
		{23414BE9-EFCA-45EA-9A60-B1F5BE3E163C}.valgrind|x64.Build.0 = valgrind|x64
		{930ED140-5E44-45B8-A07F-1392B7AAFFCB}.valgrind|x64.ActiveCfg = valgrind|x64
		{930ED140-5E44-45B8-A07F-1392B7AAFFCB}.valgrind|x64.Build.0 = valgrind|x64
	EndGlobalSection
	GlobalSection(SolutionProperties) = preSolution
		HideSolutionNode = FALSE
	EndGlobalSection
	GlobalSection(NestedProjects) = preSolution
	EndGlobalSection
	GlobalSection(ExtensibilityGlobals) = postSolution
		SolutionGuid = {50205428-EBDC-4828-9145-249E920665A6}
	EndGlobalSection
EndGlobal
