<?xml version="1.0" encoding="utf-8"?>
<!--
xmake version 2.8.1+dev.732d60063

  This file is auto generated by xmake.

  Please DO NOT EDIT since all your modification will lost after re-generation.
  See https://github.com/xmake-io/xmake/pull/472 for more infomation.
-->
<Project ToolsVersion="4.0" xmlns="http://schemas.microsoft.com/developer/msbuild/2003">
  <ItemGroup>
    <Filter Include="Properties">
      <UniqueIdentifier>{CC7C6180-942D-056E-3227-E6A2B3FB19CD}</UniqueIdentifier>
    </Filter>
    <Filter Include="src">
      <UniqueIdentifier>{491FBF00-292E-479F-8C8F-7A2AC045023A}</UniqueIdentifier>
    </Filter>
    <Filter Include="src\commons">
      <UniqueIdentifier>{408046C2-57D6-4DC3-B8DD-9A9C493CC617}</UniqueIdentifier>
    </Filter>
    <Filter Include="src\commons\src">
      <UniqueIdentifier>{F081B33B-409C-4511-8BD2-B7BF24264B5E}</UniqueIdentifier>
    </Filter>
    <Filter Include="src\commons\src\compiler">
      <UniqueIdentifier>{058EAE6F-BEB0-4494-96F6-C1FA17EE6C98}</UniqueIdentifier>
    </Filter>
    <Filter Include="src\commons\src\os">
      <UniqueIdentifier>{53BAECA3-F15B-4AC2-9032-ACF15CDF30D1}</UniqueIdentifier>
    </Filter>
  </ItemGroup>
  <ItemGroup>
    <None Include="$(MSBuildProjectDirectory)\Xmake.Custom.props">
      <Filter>Properties</Filter>
    </None>
    <None Include="$(MSBuildProjectDirectory)\Xmake.Custom.targets">
      <Filter>Properties</Filter>
    </None>
    <None Include="$(MSBuildProjectDirectory)\Xmake.Custom.items">
      <Filter>Properties</Filter>
    </None>
    <None Include="$(MSBuildProjectDirectory)\Xmake.Custom.items.filters">
      <Filter>Properties</Filter>
    </None>
  </ItemGroup>
  <ItemGroup>
  </ItemGroup>
  <ItemGroup>
    <ClCompile Include="$(XmakeProjectDir)\src\commons\src\commons.c">
      <Filter>src\commons\src</Filter>
    </ClCompile>
    <ClCompile Include="$(XmakeProjectDir)\src\commons\src\compiler\gcc_clang.c">
      <Filter>src\commons\src\compiler</Filter>
    </ClCompile>
    <ClCompile Include="$(XmakeProjectDir)\src\commons\src\compiler\msvc.c">
      <Filter>src\commons\src\compiler</Filter>
    </ClCompile>
    <ClCompile Include="$(XmakeProjectDir)\src\commons\src\os\linux_tweaks.c">
      <Filter>src\commons\src\os</Filter>
    </ClCompile>
    <ClCompile Include="$(XmakeProjectDir)\src\commons\src\os\windows_tweaks.c">
      <Filter>src\commons\src\os</Filter>
    </ClCompile>
  </ItemGroup>
  <ItemGroup>
  </ItemGroup>
  <ItemGroup>
  </ItemGroup>
  <Import Condition="Exists('$(MSBuildThisFileDirectory)\Xmake.Custom.files.filters')" Project="$(MSBuildThisFileDirectory)\Xmake.Custom.files.filters" />
</Project>